// !$*UTF8*$!
{
	archiveVersion = 1;
	classes = {
	};
	objectVersion = 50;
	objects = {

/* Begin PBXBuildFile section */
		56C374E8BB84888F15108321 /* Pods_SupremaSalsa.framework in Frameworks */ = {isa = PBXBuildFile; fileRef = 13572D9BA161A3F48E60E809 /* Pods_SupremaSalsa.framework */; };
		B88DBC75216446B20067CC20 /* RegistroViewController.swift in Sources */ = {isa = PBXBuildFile; fileRef = B88DBC74216446B20067CC20 /* RegistroViewController.swift */; };
		B8CA6D5F2163E9C600E5A3A6 /* AppDelegate.swift in Sources */ = {isa = PBXBuildFile; fileRef = B8CA6D5E2163E9C600E5A3A6 /* AppDelegate.swift */; };
		B8CA6D612163E9C600E5A3A6 /* ViewController.swift in Sources */ = {isa = PBXBuildFile; fileRef = B8CA6D602163E9C600E5A3A6 /* ViewController.swift */; };
		B8CA6D642163E9C600E5A3A6 /* Main.storyboard in Resources */ = {isa = PBXBuildFile; fileRef = B8CA6D622163E9C600E5A3A6 /* Main.storyboard */; };
		B8CA6D662163E9C700E5A3A6 /* Assets.xcassets in Resources */ = {isa = PBXBuildFile; fileRef = B8CA6D652163E9C700E5A3A6 /* Assets.xcassets */; };
		B8CA6D692163E9C700E5A3A6 /* LaunchScreen.storyboard in Resources */ = {isa = PBXBuildFile; fileRef = B8CA6D672163E9C700E5A3A6 /* LaunchScreen.storyboard */; };
		B8CA6D712163F9CF00E5A3A6 /* Compras.storyboard in Resources */ = {isa = PBXBuildFile; fileRef = B8CA6D702163F9CF00E5A3A6 /* Compras.storyboard */; };
		B8CA6D732163FDD500E5A3A6 /* intro.mp4 in Resources */ = {isa = PBXBuildFile; fileRef = B8CA6D722163FDD500E5A3A6 /* intro.mp4 */; };
/* End PBXBuildFile section */

/* Begin PBXFileReference section */
		13572D9BA161A3F48E60E809 /* Pods_SupremaSalsa.framework */ = {isa = PBXFileReference; explicitFileType = wrapper.framework; includeInIndex = 0; path = Pods_SupremaSalsa.framework; sourceTree = BUILT_PRODUCTS_DIR; };
		393125B20A6EF7B6E0FF5865 /* Pods-SupremaSalsa.debug.xcconfig */ = {isa = PBXFileReference; includeInIndex = 1; lastKnownFileType = text.xcconfig; name = "Pods-SupremaSalsa.debug.xcconfig"; path = "Pods/Target Support Files/Pods-SupremaSalsa/Pods-SupremaSalsa.debug.xcconfig"; sourceTree = "<group>"; };
		B88DBC74216446B20067CC20 /* RegistroViewController.swift */ = {isa = PBXFileReference; lastKnownFileType = sourcecode.swift; path = RegistroViewController.swift; sourceTree = "<group>"; };
		B8CA6D5B2163E9C500E5A3A6 /* SupremaSalsa.app */ = {isa = PBXFileReference; explicitFileType = wrapper.application; includeInIndex = 0; path = SupremaSalsa.app; sourceTree = BUILT_PRODUCTS_DIR; };
		B8CA6D5E2163E9C600E5A3A6 /* AppDelegate.swift */ = {isa = PBXFileReference; lastKnownFileType = sourcecode.swift; path = AppDelegate.swift; sourceTree = "<group>"; };
		B8CA6D602163E9C600E5A3A6 /* ViewController.swift */ = {isa = PBXFileReference; lastKnownFileType = sourcecode.swift; path = ViewController.swift; sourceTree = "<group>"; };
		B8CA6D632163E9C600E5A3A6 /* Base */ = {isa = PBXFileReference; lastKnownFileType = file.storyboard; name = Base; path = Base.lproj/Main.storyboard; sourceTree = "<group>"; };
		B8CA6D652163E9C700E5A3A6 /* Assets.xcassets */ = {isa = PBXFileReference; lastKnownFileType = folder.assetcatalog; path = Assets.xcassets; sourceTree = "<group>"; };
		B8CA6D682163E9C700E5A3A6 /* Base */ = {isa = PBXFileReference; lastKnownFileType = file.storyboard; name = Base; path = Base.lproj/LaunchScreen.storyboard; sourceTree = "<group>"; };
		B8CA6D6A2163E9C700E5A3A6 /* Info.plist */ = {isa = PBXFileReference; lastKnownFileType = text.plist.xml; path = Info.plist; sourceTree = "<group>"; };
		B8CA6D702163F9CF00E5A3A6 /* Compras.storyboard */ = {isa = PBXFileReference; lastKnownFileType = file.storyboard; path = Compras.storyboard; sourceTree = "<group>"; };
		B8CA6D722163FDD500E5A3A6 /* intro.mp4 */ = {isa = PBXFileReference; lastKnownFileType = file; path = intro.mp4; sourceTree = "<group>"; };
		C13E4AE5B88C7DE23D656D4C /* Pods-SupremaSalsa.release.xcconfig */ = {isa = PBXFileReference; includeInIndex = 1; lastKnownFileType = text.xcconfig; name = "Pods-SupremaSalsa.release.xcconfig"; path = "Pods/Target Support Files/Pods-SupremaSalsa/Pods-SupremaSalsa.release.xcconfig"; sourceTree = "<group>"; };
/* End PBXFileReference section */

/* Begin PBXFrameworksBuildPhase section */
		B8CA6D582163E9C500E5A3A6 /* Frameworks */ = {
			isa = PBXFrameworksBuildPhase;
			buildActionMask = 2147483647;
			files = (
				56C374E8BB84888F15108321 /* Pods_SupremaSalsa.framework in Frameworks */,
			);
			runOnlyForDeploymentPostprocessing = 0;
		};
/* End PBXFrameworksBuildPhase section */

/* Begin PBXGroup section */
		B8CA6D522163E9C500E5A3A6 = {
			isa = PBXGroup;
			children = (
				B8CA6D722163FDD500E5A3A6 /* intro.mp4 */,
				B8CA6D5D2163E9C500E5A3A6 /* SupremaSalsa */,
				B8CA6D5C2163E9C500E5A3A6 /* Products */,
				E7D7536C5D18E93DA629732F /* Pods */,
				F0BA2A852C36F61B00ACC795 /* Frameworks */,
			);
			sourceTree = "<group>";
		};
		B8CA6D5C2163E9C500E5A3A6 /* Products */ = {
			isa = PBXGroup;
			children = (
				B8CA6D5B2163E9C500E5A3A6 /* SupremaSalsa.app */,
			);
			name = Products;
			sourceTree = "<group>";
		};
		B8CA6D5D2163E9C500E5A3A6 /* SupremaSalsa */ = {
			isa = PBXGroup;
			children = (
				B8CA6D5E2163E9C600E5A3A6 /* AppDelegate.swift */,
				B8CA6D602163E9C600E5A3A6 /* ViewController.swift */,
				B88DBC74216446B20067CC20 /* RegistroViewController.swift */,
				B8CA6D622163E9C600E5A3A6 /* Main.storyboard */,
				B8CA6D702163F9CF00E5A3A6 /* Compras.storyboard */,
				B8CA6D652163E9C700E5A3A6 /* Assets.xcassets */,
				B8CA6D672163E9C700E5A3A6 /* LaunchScreen.storyboard */,
				B8CA6D6A2163E9C700E5A3A6 /* Info.plist */,
			);
			path = SupremaSalsa;
			sourceTree = "<group>";
		};
		E7D7536C5D18E93DA629732F /* Pods */ = {
			isa = PBXGroup;
			children = (
				393125B20A6EF7B6E0FF5865 /* Pods-SupremaSalsa.debug.xcconfig */,
				C13E4AE5B88C7DE23D656D4C /* Pods-SupremaSalsa.release.xcconfig */,
			);
			name = Pods;
			sourceTree = "<group>";
		};
		F0BA2A852C36F61B00ACC795 /* Frameworks */ = {
			isa = PBXGroup;
			children = (
				13572D9BA161A3F48E60E809 /* Pods_SupremaSalsa.framework */,
			);
			name = Frameworks;
			sourceTree = "<group>";
		};
/* End PBXGroup section */

/* Begin PBXNativeTarget section */
		B8CA6D5A2163E9C500E5A3A6 /* SupremaSalsa */ = {
			isa = PBXNativeTarget;
			buildConfigurationList = B8CA6D6D2163E9C700E5A3A6 /* Build configuration list for PBXNativeTarget "SupremaSalsa" */;
			buildPhases = (
				FEA52C86435E5C050D30B4F2 /* [CP] Check Pods Manifest.lock */,
				B8CA6D572163E9C500E5A3A6 /* Sources */,
				B8CA6D582163E9C500E5A3A6 /* Frameworks */,
				B8CA6D592163E9C500E5A3A6 /* Resources */,
				8D350FD12AB9AA92E2E3AF69 /* [CP] Embed Pods Frameworks */,
				1CE4032632BA395B0B233CC1 /* [CP] Copy Pods Resources */,
			);
			buildRules = (
			);
			dependencies = (
			);
			name = SupremaSalsa;
			productName = SupremaSalsa;
			productReference = B8CA6D5B2163E9C500E5A3A6 /* SupremaSalsa.app */;
			productType = "com.apple.product-type.application";
		};
/* End PBXNativeTarget section */

/* Begin PBXProject section */
		B8CA6D532163E9C500E5A3A6 /* Project object */ = {
			isa = PBXProject;
			attributes = {
				LastSwiftUpdateCheck = 1000;
				LastUpgradeCheck = 1000;
				ORGANIZATIONNAME = "miguel mexicano";
				TargetAttributes = {
					B8CA6D5A2163E9C500E5A3A6 = {
						CreatedOnToolsVersion = 10.0;
					};
				};
			};
			buildConfigurationList = B8CA6D562163E9C500E5A3A6 /* Build configuration list for PBXProject "SupremaSalsa" */;
			compatibilityVersion = "Xcode 9.3";
			developmentRegion = en;
			hasScannedForEncodings = 0;
			knownRegions = (
				en,
				Base,
			);
			mainGroup = B8CA6D522163E9C500E5A3A6;
			productRefGroup = B8CA6D5C2163E9C500E5A3A6 /* Products */;
			projectDirPath = "";
			projectRoot = "";
			targets = (
				B8CA6D5A2163E9C500E5A3A6 /* SupremaSalsa */,
			);
		};
/* End PBXProject section */

/* Begin PBXResourcesBuildPhase section */
		B8CA6D592163E9C500E5A3A6 /* Resources */ = {
			isa = PBXResourcesBuildPhase;
			buildActionMask = 2147483647;
			files = (
				B8CA6D692163E9C700E5A3A6 /* LaunchScreen.storyboard in Resources */,
				B8CA6D732163FDD500E5A3A6 /* intro.mp4 in Resources */,
				B8CA6D662163E9C700E5A3A6 /* Assets.xcassets in Resources */,
				B8CA6D712163F9CF00E5A3A6 /* Compras.storyboard in Resources */,
				B8CA6D642163E9C600E5A3A6 /* Main.storyboard in Resources */,
			);
			runOnlyForDeploymentPostprocessing = 0;
		};
/* End PBXResourcesBuildPhase section */

/* Begin PBXShellScriptBuildPhase section */
		1CE4032632BA395B0B233CC1 /* [CP] Copy Pods Resources */ = {
			isa = PBXShellScriptBuildPhase;
			buildActionMask = 2147483647;
			files = (
			);
			inputPaths = (
			);
			name = "[CP] Copy Pods Resources";
			outputPaths = (
			);
			runOnlyForDeploymentPostprocessing = 0;
			shellPath = /bin/sh;
			shellScript = "\"${SRCROOT}/Pods/Target Support Files/Pods-SupremaSalsa/Pods-SupremaSalsa-resources.sh\"\n";
			showEnvVarsInLog = 0;
		};
		8D350FD12AB9AA92E2E3AF69 /* [CP] Embed Pods Frameworks */ = {
			isa = PBXShellScriptBuildPhase;
			buildActionMask = 2147483647;
			files = (
			);
			inputPaths = (
				"${SRCROOT}/Pods/Target Support Files/Pods-SupremaSalsa/Pods-SupremaSalsa-frameworks.sh",
				"${BUILT_PRODUCTS_DIR}/Bolts/Bolts.framework",
				"${BUILT_PRODUCTS_DIR}/FBSDKCoreKit/FBSDKCoreKit.framework",
				"${BUILT_PRODUCTS_DIR}/FBSDKLoginKit/FBSDKLoginKit.framework",
			);
			name = "[CP] Embed Pods Frameworks";
			outputPaths = (
				"${TARGET_BUILD_DIR}/${FRAMEWORKS_FOLDER_PATH}/Bolts.framework",
				"${TARGET_BUILD_DIR}/${FRAMEWORKS_FOLDER_PATH}/FBSDKCoreKit.framework",
				"${TARGET_BUILD_DIR}/${FRAMEWORKS_FOLDER_PATH}/FBSDKLoginKit.framework",
			);
			runOnlyForDeploymentPostprocessing = 0;
			shellPath = /bin/sh;
			shellScript = "\"${SRCROOT}/Pods/Target Support Files/Pods-SupremaSalsa/Pods-SupremaSalsa-frameworks.sh\"\n";
			showEnvVarsInLog = 0;
		};
		FEA52C86435E5C050D30B4F2 /* [CP] Check Pods Manifest.lock */ = {
			isa = PBXShellScriptBuildPhase;
			buildActionMask = 2147483647;
			files = (
			);
			inputPaths = (
				"${PODS_PODFILE_DIR_PATH}/Podfile.lock",
				"${PODS_ROOT}/Manifest.lock",
			);
			name = "[CP] Check Pods Manifest.lock";
			outputPaths = (
				"$(DERIVED_FILE_DIR)/Pods-SupremaSalsa-checkManifestLockResult.txt",
			);
			runOnlyForDeploymentPostprocessing = 0;
			shellPath = /bin/sh;
			shellScript = "diff \"${PODS_PODFILE_DIR_PATH}/Podfile.lock\" \"${PODS_ROOT}/Manifest.lock\" > /dev/null\nif [ $? != 0 ] ; then\n    # print error to STDERR\n    echo \"error: The sandbox is not in sync with the Podfile.lock. Run 'pod install' or update your CocoaPods installation.\" >&2\n    exit 1\nfi\n# This output is used by Xcode 'outputs' to avoid re-running this script phase.\necho \"SUCCESS\" > \"${SCRIPT_OUTPUT_FILE_0}\"\n";
			showEnvVarsInLog = 0;
		};
/* End PBXShellScriptBuildPhase section */

/* Begin PBXSourcesBuildPhase section */
		B8CA6D572163E9C500E5A3A6 /* Sources */ = {
			isa = PBXSourcesBuildPhase;
			buildActionMask = 2147483647;
			files = (
				B8CA6D612163E9C600E5A3A6 /* ViewController.swift in Sources */,
				B88DBC75216446B20067CC20 /* RegistroViewController.swift in Sources */,
				B8CA6D5F2163E9C600E5A3A6 /* AppDelegate.swift in Sources */,
			);
			runOnlyForDeploymentPostprocessing = 0;
		};
/* End PBXSourcesBuildPhase section */

/* Begin PBXVariantGroup section */
		B8CA6D622163E9C600E5A3A6 /* Main.storyboard */ = {
			isa = PBXVariantGroup;
			children = (
				B8CA6D632163E9C600E5A3A6 /* Base */,
			);
			name = Main.storyboard;
			sourceTree = "<group>";
		};
		B8CA6D672163E9C700E5A3A6 /* LaunchScreen.storyboard */ = {
			isa = PBXVariantGroup;
			children = (
				B8CA6D682163E9C700E5A3A6 /* Base */,
			);
			name = LaunchScreen.storyboard;
			sourceTree = "<group>";
		};
/* End PBXVariantGroup section */

/* Begin XCBuildConfiguration section */
		B8CA6D6B2163E9C700E5A3A6 /* Debug */ = {
			isa = XCBuildConfiguration;
			buildSettings = {
				ALWAYS_SEARCH_USER_PATHS = NO;
				CLANG_ANALYZER_NONNULL = YES;
				CLANG_ANALYZER_NUMBER_OBJECT_CONVERSION = YES_AGGRESSIVE;
				CLANG_CXX_LANGUAGE_STANDARD = "gnu++14";
				CLANG_CXX_LIBRARY = "libc++";
				CLANG_ENABLE_MODULES = YES;
				CLANG_ENABLE_OBJC_ARC = YES;
				CLANG_ENABLE_OBJC_WEAK = YES;
				CLANG_WARN_BLOCK_CAPTURE_AUTORELEASING = YES;
				CLANG_WARN_BOOL_CONVERSION = YES;
				CLANG_WARN_COMMA = YES;
				CLANG_WARN_CONSTANT_CONVERSION = YES;
				CLANG_WARN_DEPRECATED_OBJC_IMPLEMENTATIONS = YES;
				CLANG_WARN_DIRECT_OBJC_ISA_USAGE = YES_ERROR;
				CLANG_WARN_DOCUMENTATION_COMMENTS = YES;
				CLANG_WARN_EMPTY_BODY = YES;
				CLANG_WARN_ENUM_CONVERSION = YES;
				CLANG_WARN_INFINITE_RECURSION = YES;
				CLANG_WARN_INT_CONVERSION = YES;
				CLANG_WARN_NON_LITERAL_NULL_CONVERSION = YES;
				CLANG_WARN_OBJC_IMPLICIT_RETAIN_SELF = YES;
				CLANG_WARN_OBJC_LITERAL_CONVERSION = YES;
				CLANG_WARN_OBJC_ROOT_CLASS = YES_ERROR;
				CLANG_WARN_RANGE_LOOP_ANALYSIS = YES;
				CLANG_WARN_STRICT_PROTOTYPES = YES;
				CLANG_WARN_SUSPICIOUS_MOVE = YES;
				CLANG_WARN_UNGUARDED_AVAILABILITY = YES_AGGRESSIVE;
				CLANG_WARN_UNREACHABLE_CODE = YES;
				CLANG_WARN__DUPLICATE_METHOD_MATCH = YES;
				CODE_SIGN_IDENTITY = "iPhone Developer";
				COPY_PHASE_STRIP = NO;
				DEBUG_INFORMATION_FORMAT = dwarf;
				ENABLE_STRICT_OBJC_MSGSEND = YES;
				ENABLE_TESTABILITY = YES;
				GCC_C_LANGUAGE_STANDARD = gnu11;
				GCC_DYNAMIC_NO_PIC = NO;
				GCC_NO_COMMON_BLOCKS = YES;
				GCC_OPTIMIZATION_LEVEL = 0;
				GCC_PREPROCESSOR_DEFINITIONS = (
					"DEBUG=1",
					"$(inherited)",
				);
				GCC_WARN_64_TO_32_BIT_CONVERSION = YES;
				GCC_WARN_ABOUT_RETURN_TYPE = YES_ERROR;
				GCC_WARN_UNDECLARED_SELECTOR = YES;
				GCC_WARN_UNINITIALIZED_AUTOS = YES_AGGRESSIVE;
				GCC_WARN_UNUSED_FUNCTION = YES;
				GCC_WARN_UNUSED_VARIABLE = YES;
				IPHONEOS_DEPLOYMENT_TARGET = 12.0;
				MTL_ENABLE_DEBUG_INFO = INCLUDE_SOURCE;
				MTL_FAST_MATH = YES;
				ONLY_ACTIVE_ARCH = YES;
				SDKROOT = iphoneos;
				SWIFT_ACTIVE_COMPILATION_CONDITIONS = DEBUG;
				SWIFT_OPTIMIZATION_LEVEL = "-Onone";
			};
			name = Debug;
		};
		B8CA6D6C2163E9C700E5A3A6 /* Release */ = {
			isa = XCBuildConfiguration;
			buildSettings = {
				ALWAYS_SEARCH_USER_PATHS = NO;
				CLANG_ANALYZER_NONNULL = YES;
				CLANG_ANALYZER_NUMBER_OBJECT_CONVERSION = YES_AGGRESSIVE;
				CLANG_CXX_LANGUAGE_STANDARD = "gnu++14";
				CLANG_CXX_LIBRARY = "libc++";
				CLANG_ENABLE_MODULES = YES;
				CLANG_ENABLE_OBJC_ARC = YES;
				CLANG_ENABLE_OBJC_WEAK = YES;
				CLANG_WARN_BLOCK_CAPTURE_AUTORELEASING = YES;
				CLANG_WARN_BOOL_CONVERSION = YES;
				CLANG_WARN_COMMA = YES;
				CLANG_WARN_CONSTANT_CONVERSION = YES;
				CLANG_WARN_DEPRECATED_OBJC_IMPLEMENTATIONS = YES;
				CLANG_WARN_DIRECT_OBJC_ISA_USAGE = YES_ERROR;
				CLANG_WARN_DOCUMENTATION_COMMENTS = YES;
				CLANG_WARN_EMPTY_BODY = YES;
				CLANG_WARN_ENUM_CONVERSION = YES;
				CLANG_WARN_INFINITE_RECURSION = YES;
				CLANG_WARN_INT_CONVERSION = YES;
				CLANG_WARN_NON_LITERAL_NULL_CONVERSION = YES;
				CLANG_WARN_OBJC_IMPLICIT_RETAIN_SELF = YES;
				CLANG_WARN_OBJC_LITERAL_CONVERSION = YES;
				CLANG_WARN_OBJC_ROOT_CLASS = YES_ERROR;
				CLANG_WARN_RANGE_LOOP_ANALYSIS = YES;
				CLANG_WARN_STRICT_PROTOTYPES = YES;
				CLANG_WARN_SUSPICIOUS_MOVE = YES;
				CLANG_WARN_UNGUARDED_AVAILABILITY = YES_AGGRESSIVE;
				CLANG_WARN_UNREACHABLE_CODE = YES;
				CLANG_WARN__DUPLICATE_METHOD_MATCH = YES;
				CODE_SIGN_IDENTITY = "iPhone Developer";
				COPY_PHASE_STRIP = NO;
				DEBUG_INFORMATION_FORMAT = "dwarf-with-dsym";
				ENABLE_NS_ASSERTIONS = NO;
				ENABLE_STRICT_OBJC_MSGSEND = YES;
				GCC_C_LANGUAGE_STANDARD = gnu11;
				GCC_NO_COMMON_BLOCKS = YES;
				GCC_WARN_64_TO_32_BIT_CONVERSION = YES;
				GCC_WARN_ABOUT_RETURN_TYPE = YES_ERROR;
				GCC_WARN_UNDECLARED_SELECTOR = YES;
				GCC_WARN_UNINITIALIZED_AUTOS = YES_AGGRESSIVE;
				GCC_WARN_UNUSED_FUNCTION = YES;
				GCC_WARN_UNUSED_VARIABLE = YES;
				IPHONEOS_DEPLOYMENT_TARGET = 12.0;
				MTL_ENABLE_DEBUG_INFO = NO;
				MTL_FAST_MATH = YES;
				SDKROOT = iphoneos;
				SWIFT_COMPILATION_MODE = wholemodule;
				SWIFT_OPTIMIZATION_LEVEL = "-O";
				VALIDATE_PRODUCT = YES;
			};
			name = Release;
		};
		B8CA6D6E2163E9C700E5A3A6 /* Debug */ = {
			isa = XCBuildConfiguration;
			baseConfigurationReference = 393125B20A6EF7B6E0FF5865 /* Pods-SupremaSalsa.debug.xcconfig */;
			buildSettings = {
				ASSETCATALOG_COMPILER_APPICON_NAME = AppIcon;
				CODE_SIGN_STYLE = Automatic;
				DEVELOPMENT_TEAM = MC2W678MVZ;
				INFOPLIST_FILE = SupremaSalsa/Info.plist;
				LD_RUNPATH_SEARCH_PATHS = (
					"$(inherited)",
					"@executable_path/Frameworks",
				);
				PRODUCT_BUNDLE_IDENTIFIER = mx.com.nut.SupremaSalsa;
				PRODUCT_NAME = "$(TARGET_NAME)";
				SWIFT_VERSION = 4.2;
				TARGETED_DEVICE_FAMILY = "1,2";
			};
			name = Debug;
		};
		B8CA6D6F2163E9C700E5A3A6 /* Release */ = {
			isa = XCBuildConfiguration;
			baseConfigurationReference = C13E4AE5B88C7DE23D656D4C /* Pods-SupremaSalsa.release.xcconfig */;
			buildSettings = {
				ASSETCATALOG_COMPILER_APPICON_NAME = AppIcon;
				CODE_SIGN_STYLE = Automatic;
				DEVELOPMENT_TEAM = MC2W678MVZ;
				INFOPLIST_FILE = SupremaSalsa/Info.plist;
				LD_RUNPATH_SEARCH_PATHS = (
					"$(inherited)",
					"@executable_path/Frameworks",
				);
				PRODUCT_BUNDLE_IDENTIFIER = mx.com.nut.SupremaSalsa;
				PRODUCT_NAME = "$(TARGET_NAME)";
				SWIFT_VERSION = 4.2;
				TARGETED_DEVICE_FAMILY = "1,2";
			};
			name = Release;
		};
/* End XCBuildConfiguration section */

/* Begin XCConfigurationList section */
		B8CA6D562163E9C500E5A3A6 /* Build configuration list for PBXProject "SupremaSalsa" */ = {
			isa = XCConfigurationList;
			buildConfigurations = (
				B8CA6D6B2163E9C700E5A3A6 /* Debug */,
				B8CA6D6C2163E9C700E5A3A6 /* Release */,
			);
			defaultConfigurationIsVisible = 0;
			defaultConfigurationName = Release;
		};
		B8CA6D6D2163E9C700E5A3A6 /* Build configuration list for PBXNativeTarget "SupremaSalsa" */ = {
			isa = XCConfigurationList;
			buildConfigurations = (
				B8CA6D6E2163E9C700E5A3A6 /* Debug */,
				B8CA6D6F2163E9C700E5A3A6 /* Release */,
			);
			defaultConfigurationIsVisible = 0;
			defaultConfigurationName = Release;
		};
/* End XCConfigurationList section */
	};
	rootObject = B8CA6D532163E9C500E5A3A6 /* Project object */;
}
